
Microsoft Visual Studio Solution File, Format Version 12.00
# Visual Studio 15
VisualStudioVersion = 15.0.28010.2036
MinimumVisualStudioVersion = 10.0.40219.1
Project("{FAE04EC0-301F-11D3-BF4B-00C04F79EFBC}") = "LibraryManager", "LibraryManager\LibraryManager.csproj", "{836D751E-FAF5-40F3-BA95-6E342B512A41}"
EndProject
Global
	GlobalSection(SolutionConfigurationPlatforms) = preSolution
		Debug|Any CPU = Debug|Any CPU
		Release|Any CPU = Release|Any CPU
	EndGlobalSection
	GlobalSection(ProjectConfigurationPlatforms) = postSolution
		{836D751E-FAF5-40F3-BA95-6E342B512A41}.Debug|Any CPU.ActiveCfg = Debug|Any CPU
		{836D751E-FAF5-40F3-BA95-6E342B512A41}.Debug|Any CPU.Build.0 = Debug|Any CPU
		{836D751E-FAF5-40F3-BA95-6E342B512A41}.Release|Any CPU.ActiveCfg = Release|Any CPU
		{836D751E-FAF5-40F3-BA95-6E342B512A41}.Release|Any CPU.Build.0 = Release|Any CPU
	EndGlobalSection
	GlobalSection(SolutionProperties) = preSolution
		HideSolutionNode = FALSE
	EndGlobalSection
	GlobalSection(ExtensibilityGlobals) = postSolution
		SolutionGuid = {962729FC-0E04-4CB1-9D2A-67708C2D2EE1}
	EndGlobalSection
EndGlobal
